
Microsoft Visual Studio Solution File, Format Version 12.00
# Visual Studio Version 17
VisualStudioVersion = 17.2.32630.192
MinimumVisualStudioVersion = 10.0.40219.1
Project("{9A19103F-16F7-4668-BE54-9A1E7A4F7556}") = "DiscordAlert.Tests", "DiscordAlert.Tests\DiscordAlert.Tests.csproj", "{54A0BF23-65CC-4105-BAAC-9D7987727706}"
EndProject
Project("{9A19103F-16F7-4668-BE54-9A1E7A4F7556}") = "DiscordAlert", "DiscordAlert\DiscordAlert.csproj", "{127A1813-EC67-4792-8FF7-1196DEB8501F}"
EndProject
Global
	GlobalSection(SolutionConfigurationPlatforms) = preSolution
		Debug|Any CPU = Debug|Any CPU
		Release|Any CPU = Release|Any CPU
	EndGlobalSection
	GlobalSection(ProjectConfigurationPlatforms) = postSolution
		{54A0BF23-65CC-4105-BAAC-9D7987727706}.Debug|Any CPU.ActiveCfg = Debug|Any CPU
		{54A0BF23-65CC-4105-BAAC-9D7987727706}.Debug|Any CPU.Build.0 = Debug|Any CPU
		{54A0BF23-65CC-4105-BAAC-9D7987727706}.Release|Any CPU.ActiveCfg = Release|Any CPU
		{54A0BF23-65CC-4105-BAAC-9D7987727706}.Release|Any CPU.Build.0 = Release|Any CPU
		{127A1813-EC67-4792-8FF7-1196DEB8501F}.Debug|Any CPU.ActiveCfg = Debug|Any CPU
		{127A1813-EC67-4792-8FF7-1196DEB8501F}.Debug|Any CPU.Build.0 = Debug|Any CPU
		{127A1813-EC67-4792-8FF7-1196DEB8501F}.Release|Any CPU.ActiveCfg = Release|Any CPU
		{127A1813-EC67-4792-8FF7-1196DEB8501F}.Release|Any CPU.Build.0 = Release|Any CPU
	EndGlobalSection
	GlobalSection(SolutionProperties) = preSolution
		HideSolutionNode = FALSE
	EndGlobalSection
	GlobalSection(ExtensibilityGlobals) = postSolution
		SolutionGuid = {32C75ABD-7FD5-4E9A-90F3-E764A138501B}
	EndGlobalSection
EndGlobal
